
Microsoft Visual Studio Solution File, Format Version 12.00
# Visual Studio 15
VisualStudioVersion = 15.0.28010.2026
MinimumVisualStudioVersion = 10.0.40219.1
Project("{8BC9CEB8-8B4A-11D0-8D11-00A0C91BC942}") = "LR1 Data Types", "LR1\LR1.vcxproj", "{F4506142-3CB4-42BE-8258-18C6951164D0}"
EndProject
Project("{8BC9CEB8-8B4A-11D0-8D11-00A0C91BC942}") = "LR2", "LR2\LR2.vcxproj", "{96B89CD4-8927-46D6-87E3-AB6751EDDE0B}"
EndProject
Project("{8BC9CEB8-8B4A-11D0-8D11-00A0C91BC942}") = "LR3 Caesar, bubbles and shaker", "LR3\LR3.vcxproj", "{96996CD4-80C6-4228-B63B-136A82AC384C}"
EndProject
Project("{8BC9CEB8-8B4A-11D0-8D11-00A0C91BC942}") = "LR4 Cycles, transition, pointer", "LR4\LR4.vcxproj", "{AB110537-2BB4-4BE8-9087-37763D48BAC5}"
EndProject
Project("{8BC9CEB8-8B4A-11D0-8D11-00A0C91BC942}") = "LR5 Transitions and cycles", "LR5\LR5.vcxproj", "{EFD7509F-D2AB-438B-A412-42CC4B860DDF}"
EndProject
Project("{8BC9CEB8-8B4A-11D0-8D11-00A0C91BC942}") = "LR5 Classes", "LR5 Classes\LR5 Classes.vcxproj", "{E35CED4E-0389-4F7E-AA4E-9FEB99D7235E}"
EndProject
Project("{8BC9CEB8-8B4A-11D0-8D11-00A0C91BC942}") = "LR6 Inheritance", "LR6\LR6.vcxproj", "{809387E8-1FFE-4237-92EB-612EE94C3B50}"
EndProject
Project("{8BC9CEB8-8B4A-11D0-8D11-00A0C91BC942}") = "LR3 Matrix", "LR5 Matrix\LR5 Matrix.vcxproj", "{15ACBE1A-4F53-450E-8FCF-656E84C7CA93}"
EndProject
Project("{8BC9CEB8-8B4A-11D0-8D11-00A0C91BC942}") = "LR7 Dynamic memory", "LR7\LR7.vcxproj", "{225E46E3-49B3-488A-9980-B6EF7322648D}"
EndProject
Project("{8BC9CEB8-8B4A-11D0-8D11-00A0C91BC942}") = "LR8 Strings and files", "LR8\LR8.vcxproj", "{FA90BBCA-C4C9-4F15-943C-E8AC2B5E6160}"
EndProject
Project("{8BC9CEB8-8B4A-11D0-8D11-00A0C91BC942}") = "LR9 Overload", "LR9\LR9.vcxproj", "{9309E789-A123-4E60-9A1A-D3051068AE43}"
EndProject
Project("{8BC9CEB8-8B4A-11D0-8D11-00A0C91BC942}") = "LR10 Library", "LR10\LR10.vcxproj", "{903659D9-1172-4119-847B-0B80652611B4}"
EndProject
Project("{8BC9CEB8-8B4A-11D0-8D11-00A0C91BC942}") = "LR11 Dynamic (dll)", "LR11\LR11.vcxproj", "{D5D8007F-72D5-4A84-940D-32FD280E0DDF}"
EndProject
Project("{8BC9CEB8-8B4A-11D0-8D11-00A0C91BC942}") = "LR12 CV", "LR12 CV\LR12 CV.vcxproj", "{AD728DD4-B484-4F95-B625-6715D5F517B3}"
EndProject
Project("{8BC9CEB8-8B4A-11D0-8D11-00A0C91BC942}") = "LR13  Curl", "LR13  Curl\LR13  Curl.vcxproj", "{C99324A4-FCAE-46A3-96C0-0B84CDE01E56}"
EndProject
Project("{8BC9CEB8-8B4A-11D0-8D11-00A0C91BC942}") = "LR14 SSL", "LR14 SSL\LR14 SSL.vcxproj", "{30C5998E-C7A7-4BBB-86F5-05FB29DD0FB0}"
EndProject
Project("{8BC9CEB8-8B4A-11D0-8D11-00A0C91BC942}") = "LR15 Stack", "LR15 Stack\LR15 Stack.vcxproj", "{E661F0A1-2446-4A5C-A7E8-439223F290F3}"
EndProject
Project("{8BC9CEB8-8B4A-11D0-8D11-00A0C91BC942}") = "LR16 Prob", "LR16 Prob\LR16 Prob.vcxproj", "{A26660FB-2B00-4733-A901-D3B8D322B995}"
EndProject
Project("{8BC9CEB8-8B4A-11D0-8D11-00A0C91BC942}") = "LR17", "LR17\LR17.vcxproj", "{36C53E32-5104-4B82-890D-8761A72192C6}"
EndProject
Project("{8BC9CEB8-8B4A-11D0-8D11-00A0C91BC942}") = "StaticLib1", "StaticLib1\StaticLib1.vcxproj", "{6C3B0BFE-4D0A-43F5-BFB2-B4BD11EF15F5}"
EndProject
Project("{8BC9CEB8-8B4A-11D0-8D11-00A0C91BC942}") = "Matrix", "Matrix\Matrix.vcxproj", "{785D23BB-0EAD-4960-A2AA-E293F2662315}"
EndProject
Project("{8BC9CEB8-8B4A-11D0-8D11-00A0C91BC942}") = "LR17 OpenSSL", "LR17 OpenSSL\LR17 OpenSSL.vcxproj", "{4E59C14E-3984-4251-8D6C-549B15EA08EA}"
EndProject
Project("{8BC9CEB8-8B4A-11D0-8D11-00A0C91BC942}") = "words", "..\..\..\Desktop\181_351_Mayorova\words\words.vcxproj", "{364ACF49-2D4A-43F7-B5BA-1FE3DC2A86E9}"
EndProject
Global
	GlobalSection(SolutionConfigurationPlatforms) = preSolution
		Debug|x64 = Debug|x64
		Debug|x86 = Debug|x86
		Release|x64 = Release|x64
		Release|x86 = Release|x86
	EndGlobalSection
	GlobalSection(ProjectConfigurationPlatforms) = postSolution
		{F4506142-3CB4-42BE-8258-18C6951164D0}.Debug|x64.ActiveCfg = Debug|x64
		{F4506142-3CB4-42BE-8258-18C6951164D0}.Debug|x64.Build.0 = Debug|x64
		{F4506142-3CB4-42BE-8258-18C6951164D0}.Debug|x86.ActiveCfg = Debug|Win32
		{F4506142-3CB4-42BE-8258-18C6951164D0}.Debug|x86.Build.0 = Debug|Win32
		{F4506142-3CB4-42BE-8258-18C6951164D0}.Release|x64.ActiveCfg = Release|x64
		{F4506142-3CB4-42BE-8258-18C6951164D0}.Release|x64.Build.0 = Release|x64
		{F4506142-3CB4-42BE-8258-18C6951164D0}.Release|x86.ActiveCfg = Release|Win32
		{F4506142-3CB4-42BE-8258-18C6951164D0}.Release|x86.Build.0 = Release|Win32
		{96B89CD4-8927-46D6-87E3-AB6751EDDE0B}.Debug|x64.ActiveCfg = Debug|x64
		{96B89CD4-8927-46D6-87E3-AB6751EDDE0B}.Debug|x64.Build.0 = Debug|x64
		{96B89CD4-8927-46D6-87E3-AB6751EDDE0B}.Debug|x86.ActiveCfg = Debug|Win32
		{96B89CD4-8927-46D6-87E3-AB6751EDDE0B}.Debug|x86.Build.0 = Debug|Win32
		{96B89CD4-8927-46D6-87E3-AB6751EDDE0B}.Release|x64.ActiveCfg = Release|x64
		{96B89CD4-8927-46D6-87E3-AB6751EDDE0B}.Release|x64.Build.0 = Release|x64
		{96B89CD4-8927-46D6-87E3-AB6751EDDE0B}.Release|x86.ActiveCfg = Release|Win32
		{96B89CD4-8927-46D6-87E3-AB6751EDDE0B}.Release|x86.Build.0 = Release|Win32
		{96996CD4-80C6-4228-B63B-136A82AC384C}.Debug|x64.ActiveCfg = Debug|x64
		{96996CD4-80C6-4228-B63B-136A82AC384C}.Debug|x64.Build.0 = Debug|x64
		{96996CD4-80C6-4228-B63B-136A82AC384C}.Debug|x86.ActiveCfg = Debug|Win32
		{96996CD4-80C6-4228-B63B-136A82AC384C}.Debug|x86.Build.0 = Debug|Win32
		{96996CD4-80C6-4228-B63B-136A82AC384C}.Release|x64.ActiveCfg = Release|x64
		{96996CD4-80C6-4228-B63B-136A82AC384C}.Release|x64.Build.0 = Release|x64
		{96996CD4-80C6-4228-B63B-136A82AC384C}.Release|x86.ActiveCfg = Release|Win32
		{96996CD4-80C6-4228-B63B-136A82AC384C}.Release|x86.Build.0 = Release|Win32
		{AB110537-2BB4-4BE8-9087-37763D48BAC5}.Debug|x64.ActiveCfg = Debug|x64
		{AB110537-2BB4-4BE8-9087-37763D48BAC5}.Debug|x64.Build.0 = Debug|x64
		{AB110537-2BB4-4BE8-9087-37763D48BAC5}.Debug|x86.ActiveCfg = Debug|Win32
		{AB110537-2BB4-4BE8-9087-37763D48BAC5}.Debug|x86.Build.0 = Debug|Win32
		{AB110537-2BB4-4BE8-9087-37763D48BAC5}.Release|x64.ActiveCfg = Release|x64
		{AB110537-2BB4-4BE8-9087-37763D48BAC5}.Release|x64.Build.0 = Release|x64
		{AB110537-2BB4-4BE8-9087-37763D48BAC5}.Release|x86.ActiveCfg = Release|Win32
		{AB110537-2BB4-4BE8-9087-37763D48BAC5}.Release|x86.Build.0 = Release|Win32
		{EFD7509F-D2AB-438B-A412-42CC4B860DDF}.Debug|x64.ActiveCfg = Debug|x64
		{EFD7509F-D2AB-438B-A412-42CC4B860DDF}.Debug|x64.Build.0 = Debug|x64
		{EFD7509F-D2AB-438B-A412-42CC4B860DDF}.Debug|x86.ActiveCfg = Debug|Win32
		{EFD7509F-D2AB-438B-A412-42CC4B860DDF}.Debug|x86.Build.0 = Debug|Win32
		{EFD7509F-D2AB-438B-A412-42CC4B860DDF}.Release|x64.ActiveCfg = Release|x64
		{EFD7509F-D2AB-438B-A412-42CC4B860DDF}.Release|x64.Build.0 = Release|x64
		{EFD7509F-D2AB-438B-A412-42CC4B860DDF}.Release|x86.ActiveCfg = Release|Win32
		{EFD7509F-D2AB-438B-A412-42CC4B860DDF}.Release|x86.Build.0 = Release|Win32
		{E35CED4E-0389-4F7E-AA4E-9FEB99D7235E}.Debug|x64.ActiveCfg = Debug|x64
		{E35CED4E-0389-4F7E-AA4E-9FEB99D7235E}.Debug|x64.Build.0 = Debug|x64
		{E35CED4E-0389-4F7E-AA4E-9FEB99D7235E}.Debug|x86.ActiveCfg = Debug|Win32
		{E35CED4E-0389-4F7E-AA4E-9FEB99D7235E}.Debug|x86.Build.0 = Debug|Win32
		{E35CED4E-0389-4F7E-AA4E-9FEB99D7235E}.Release|x64.ActiveCfg = Release|x64
		{E35CED4E-0389-4F7E-AA4E-9FEB99D7235E}.Release|x64.Build.0 = Release|x64
		{E35CED4E-0389-4F7E-AA4E-9FEB99D7235E}.Release|x86.ActiveCfg = Release|Win32
		{E35CED4E-0389-4F7E-AA4E-9FEB99D7235E}.Release|x86.Build.0 = Release|Win32
		{809387E8-1FFE-4237-92EB-612EE94C3B50}.Debug|x64.ActiveCfg = Debug|x64
		{809387E8-1FFE-4237-92EB-612EE94C3B50}.Debug|x64.Build.0 = Debug|x64
		{809387E8-1FFE-4237-92EB-612EE94C3B50}.Debug|x86.ActiveCfg = Debug|Win32
		{809387E8-1FFE-4237-92EB-612EE94C3B50}.Debug|x86.Build.0 = Debug|Win32
		{809387E8-1FFE-4237-92EB-612EE94C3B50}.Release|x64.ActiveCfg = Release|x64
		{809387E8-1FFE-4237-92EB-612EE94C3B50}.Release|x64.Build.0 = Release|x64
		{809387E8-1FFE-4237-92EB-612EE94C3B50}.Release|x86.ActiveCfg = Release|Win32
		{809387E8-1FFE-4237-92EB-612EE94C3B50}.Release|x86.Build.0 = Release|Win32
		{15ACBE1A-4F53-450E-8FCF-656E84C7CA93}.Debug|x64.ActiveCfg = Debug|x64
		{15ACBE1A-4F53-450E-8FCF-656E84C7CA93}.Debug|x64.Build.0 = Debug|x64
		{15ACBE1A-4F53-450E-8FCF-656E84C7CA93}.Debug|x86.ActiveCfg = Debug|Win32
		{15ACBE1A-4F53-450E-8FCF-656E84C7CA93}.Debug|x86.Build.0 = Debug|Win32
		{15ACBE1A-4F53-450E-8FCF-656E84C7CA93}.Release|x64.ActiveCfg = Release|x64
		{15ACBE1A-4F53-450E-8FCF-656E84C7CA93}.Release|x64.Build.0 = Release|x64
		{15ACBE1A-4F53-450E-8FCF-656E84C7CA93}.Release|x86.ActiveCfg = Release|Win32
		{15ACBE1A-4F53-450E-8FCF-656E84C7CA93}.Release|x86.Build.0 = Release|Win32
		{225E46E3-49B3-488A-9980-B6EF7322648D}.Debug|x64.ActiveCfg = Debug|x64
		{225E46E3-49B3-488A-9980-B6EF7322648D}.Debug|x64.Build.0 = Debug|x64
		{225E46E3-49B3-488A-9980-B6EF7322648D}.Debug|x86.ActiveCfg = Debug|Win32
		{225E46E3-49B3-488A-9980-B6EF7322648D}.Debug|x86.Build.0 = Debug|Win32
		{225E46E3-49B3-488A-9980-B6EF7322648D}.Release|x64.ActiveCfg = Release|x64
		{225E46E3-49B3-488A-9980-B6EF7322648D}.Release|x64.Build.0 = Release|x64
		{225E46E3-49B3-488A-9980-B6EF7322648D}.Release|x86.ActiveCfg = Release|Win32
		{225E46E3-49B3-488A-9980-B6EF7322648D}.Release|x86.Build.0 = Release|Win32
		{FA90BBCA-C4C9-4F15-943C-E8AC2B5E6160}.Debug|x64.ActiveCfg = Debug|x64
		{FA90BBCA-C4C9-4F15-943C-E8AC2B5E6160}.Debug|x64.Build.0 = Debug|x64
		{FA90BBCA-C4C9-4F15-943C-E8AC2B5E6160}.Debug|x86.ActiveCfg = Debug|Win32
		{FA90BBCA-C4C9-4F15-943C-E8AC2B5E6160}.Debug|x86.Build.0 = Debug|Win32
		{FA90BBCA-C4C9-4F15-943C-E8AC2B5E6160}.Release|x64.ActiveCfg = Release|x64
		{FA90BBCA-C4C9-4F15-943C-E8AC2B5E6160}.Release|x64.Build.0 = Release|x64
		{FA90BBCA-C4C9-4F15-943C-E8AC2B5E6160}.Release|x86.ActiveCfg = Release|Win32
		{FA90BBCA-C4C9-4F15-943C-E8AC2B5E6160}.Release|x86.Build.0 = Release|Win32
		{9309E789-A123-4E60-9A1A-D3051068AE43}.Debug|x64.ActiveCfg = Debug|x64
		{9309E789-A123-4E60-9A1A-D3051068AE43}.Debug|x64.Build.0 = Debug|x64
		{9309E789-A123-4E60-9A1A-D3051068AE43}.Debug|x86.ActiveCfg = Debug|Win32
		{9309E789-A123-4E60-9A1A-D3051068AE43}.Debug|x86.Build.0 = Debug|Win32
		{9309E789-A123-4E60-9A1A-D3051068AE43}.Release|x64.ActiveCfg = Release|x64
		{9309E789-A123-4E60-9A1A-D3051068AE43}.Release|x64.Build.0 = Release|x64
		{9309E789-A123-4E60-9A1A-D3051068AE43}.Release|x86.ActiveCfg = Release|Win32
		{9309E789-A123-4E60-9A1A-D3051068AE43}.Release|x86.Build.0 = Release|Win32
		{903659D9-1172-4119-847B-0B80652611B4}.Debug|x64.ActiveCfg = Debug|x64
		{903659D9-1172-4119-847B-0B80652611B4}.Debug|x64.Build.0 = Debug|x64
		{903659D9-1172-4119-847B-0B80652611B4}.Debug|x86.ActiveCfg = Debug|Win32
		{903659D9-1172-4119-847B-0B80652611B4}.Debug|x86.Build.0 = Debug|Win32
		{903659D9-1172-4119-847B-0B80652611B4}.Release|x64.ActiveCfg = Release|x64
		{903659D9-1172-4119-847B-0B80652611B4}.Release|x64.Build.0 = Release|x64
		{903659D9-1172-4119-847B-0B80652611B4}.Release|x86.ActiveCfg = Release|Win32
		{903659D9-1172-4119-847B-0B80652611B4}.Release|x86.Build.0 = Release|Win32
		{D5D8007F-72D5-4A84-940D-32FD280E0DDF}.Debug|x64.ActiveCfg = Debug|x64
		{D5D8007F-72D5-4A84-940D-32FD280E0DDF}.Debug|x64.Build.0 = Debug|x64
		{D5D8007F-72D5-4A84-940D-32FD280E0DDF}.Debug|x86.ActiveCfg = Debug|Win32
		{D5D8007F-72D5-4A84-940D-32FD280E0DDF}.Debug|x86.Build.0 = Debug|Win32
		{D5D8007F-72D5-4A84-940D-32FD280E0DDF}.Release|x64.ActiveCfg = Release|x64
		{D5D8007F-72D5-4A84-940D-32FD280E0DDF}.Release|x64.Build.0 = Release|x64
		{D5D8007F-72D5-4A84-940D-32FD280E0DDF}.Release|x86.ActiveCfg = Release|Win32
		{D5D8007F-72D5-4A84-940D-32FD280E0DDF}.Release|x86.Build.0 = Release|Win32
		{AD728DD4-B484-4F95-B625-6715D5F517B3}.Debug|x64.ActiveCfg = Debug|x64
		{AD728DD4-B484-4F95-B625-6715D5F517B3}.Debug|x64.Build.0 = Debug|x64
		{AD728DD4-B484-4F95-B625-6715D5F517B3}.Debug|x86.ActiveCfg = Debug|Win32
		{AD728DD4-B484-4F95-B625-6715D5F517B3}.Debug|x86.Build.0 = Debug|Win32
		{AD728DD4-B484-4F95-B625-6715D5F517B3}.Release|x64.ActiveCfg = Release|x64
		{AD728DD4-B484-4F95-B625-6715D5F517B3}.Release|x64.Build.0 = Release|x64
		{AD728DD4-B484-4F95-B625-6715D5F517B3}.Release|x86.ActiveCfg = Release|Win32
		{AD728DD4-B484-4F95-B625-6715D5F517B3}.Release|x86.Build.0 = Release|Win32
		{C99324A4-FCAE-46A3-96C0-0B84CDE01E56}.Debug|x64.ActiveCfg = Debug|x64
		{C99324A4-FCAE-46A3-96C0-0B84CDE01E56}.Debug|x64.Build.0 = Debug|x64
		{C99324A4-FCAE-46A3-96C0-0B84CDE01E56}.Debug|x86.ActiveCfg = Debug|Win32
		{C99324A4-FCAE-46A3-96C0-0B84CDE01E56}.Debug|x86.Build.0 = Debug|Win32
		{C99324A4-FCAE-46A3-96C0-0B84CDE01E56}.Release|x64.ActiveCfg = Release|x64
		{C99324A4-FCAE-46A3-96C0-0B84CDE01E56}.Release|x64.Build.0 = Release|x64
		{C99324A4-FCAE-46A3-96C0-0B84CDE01E56}.Release|x86.ActiveCfg = Release|Win32
		{C99324A4-FCAE-46A3-96C0-0B84CDE01E56}.Release|x86.Build.0 = Release|Win32
		{30C5998E-C7A7-4BBB-86F5-05FB29DD0FB0}.Debug|x64.ActiveCfg = Debug|x64
		{30C5998E-C7A7-4BBB-86F5-05FB29DD0FB0}.Debug|x64.Build.0 = Debug|x64
		{30C5998E-C7A7-4BBB-86F5-05FB29DD0FB0}.Debug|x86.ActiveCfg = Debug|Win32
		{30C5998E-C7A7-4BBB-86F5-05FB29DD0FB0}.Debug|x86.Build.0 = Debug|Win32
		{30C5998E-C7A7-4BBB-86F5-05FB29DD0FB0}.Release|x64.ActiveCfg = Release|x64
		{30C5998E-C7A7-4BBB-86F5-05FB29DD0FB0}.Release|x64.Build.0 = Release|x64
		{30C5998E-C7A7-4BBB-86F5-05FB29DD0FB0}.Release|x86.ActiveCfg = Release|Win32
		{30C5998E-C7A7-4BBB-86F5-05FB29DD0FB0}.Release|x86.Build.0 = Release|Win32
		{E661F0A1-2446-4A5C-A7E8-439223F290F3}.Debug|x64.ActiveCfg = Debug|x64
		{E661F0A1-2446-4A5C-A7E8-439223F290F3}.Debug|x64.Build.0 = Debug|x64
		{E661F0A1-2446-4A5C-A7E8-439223F290F3}.Debug|x86.ActiveCfg = Debug|Win32
		{E661F0A1-2446-4A5C-A7E8-439223F290F3}.Debug|x86.Build.0 = Debug|Win32
		{E661F0A1-2446-4A5C-A7E8-439223F290F3}.Release|x64.ActiveCfg = Release|x64
		{E661F0A1-2446-4A5C-A7E8-439223F290F3}.Release|x64.Build.0 = Release|x64
		{E661F0A1-2446-4A5C-A7E8-439223F290F3}.Release|x86.ActiveCfg = Release|Win32
		{E661F0A1-2446-4A5C-A7E8-439223F290F3}.Release|x86.Build.0 = Release|Win32
		{A26660FB-2B00-4733-A901-D3B8D322B995}.Debug|x64.ActiveCfg = Debug|x64
		{A26660FB-2B00-4733-A901-D3B8D322B995}.Debug|x64.Build.0 = Debug|x64
		{A26660FB-2B00-4733-A901-D3B8D322B995}.Debug|x86.ActiveCfg = Debug|Win32
		{A26660FB-2B00-4733-A901-D3B8D322B995}.Debug|x86.Build.0 = Debug|Win32
		{A26660FB-2B00-4733-A901-D3B8D322B995}.Release|x64.ActiveCfg = Release|x64
		{A26660FB-2B00-4733-A901-D3B8D322B995}.Release|x64.Build.0 = Release|x64
		{A26660FB-2B00-4733-A901-D3B8D322B995}.Release|x86.ActiveCfg = Release|Win32
		{A26660FB-2B00-4733-A901-D3B8D322B995}.Release|x86.Build.0 = Release|Win32
		{36C53E32-5104-4B82-890D-8761A72192C6}.Debug|x64.ActiveCfg = Debug|x64
		{36C53E32-5104-4B82-890D-8761A72192C6}.Debug|x64.Build.0 = Debug|x64
		{36C53E32-5104-4B82-890D-8761A72192C6}.Debug|x86.ActiveCfg = Debug|Win32
		{36C53E32-5104-4B82-890D-8761A72192C6}.Debug|x86.Build.0 = Debug|Win32
		{36C53E32-5104-4B82-890D-8761A72192C6}.Release|x64.ActiveCfg = Release|x64
		{36C53E32-5104-4B82-890D-8761A72192C6}.Release|x64.Build.0 = Release|x64
		{36C53E32-5104-4B82-890D-8761A72192C6}.Release|x86.ActiveCfg = Release|Win32
		{36C53E32-5104-4B82-890D-8761A72192C6}.Release|x86.Build.0 = Release|Win32
		{6C3B0BFE-4D0A-43F5-BFB2-B4BD11EF15F5}.Debug|x64.ActiveCfg = Debug|x64
		{6C3B0BFE-4D0A-43F5-BFB2-B4BD11EF15F5}.Debug|x64.Build.0 = Debug|x64
		{6C3B0BFE-4D0A-43F5-BFB2-B4BD11EF15F5}.Debug|x86.ActiveCfg = Debug|Win32
		{6C3B0BFE-4D0A-43F5-BFB2-B4BD11EF15F5}.Debug|x86.Build.0 = Debug|Win32
		{6C3B0BFE-4D0A-43F5-BFB2-B4BD11EF15F5}.Release|x64.ActiveCfg = Release|x64
		{6C3B0BFE-4D0A-43F5-BFB2-B4BD11EF15F5}.Release|x64.Build.0 = Release|x64
		{6C3B0BFE-4D0A-43F5-BFB2-B4BD11EF15F5}.Release|x86.ActiveCfg = Release|Win32
		{6C3B0BFE-4D0A-43F5-BFB2-B4BD11EF15F5}.Release|x86.Build.0 = Release|Win32
		{785D23BB-0EAD-4960-A2AA-E293F2662315}.Debug|x64.ActiveCfg = Debug|x64
		{785D23BB-0EAD-4960-A2AA-E293F2662315}.Debug|x64.Build.0 = Debug|x64
		{785D23BB-0EAD-4960-A2AA-E293F2662315}.Debug|x86.ActiveCfg = Debug|Win32
		{785D23BB-0EAD-4960-A2AA-E293F2662315}.Debug|x86.Build.0 = Debug|Win32
		{785D23BB-0EAD-4960-A2AA-E293F2662315}.Release|x64.ActiveCfg = Release|x64
		{785D23BB-0EAD-4960-A2AA-E293F2662315}.Release|x64.Build.0 = Release|x64
		{785D23BB-0EAD-4960-A2AA-E293F2662315}.Release|x86.ActiveCfg = Release|Win32
		{785D23BB-0EAD-4960-A2AA-E293F2662315}.Release|x86.Build.0 = Release|Win32
		{4E59C14E-3984-4251-8D6C-549B15EA08EA}.Debug|x64.ActiveCfg = Debug|x64
		{4E59C14E-3984-4251-8D6C-549B15EA08EA}.Debug|x64.Build.0 = Debug|x64
		{4E59C14E-3984-4251-8D6C-549B15EA08EA}.Debug|x86.ActiveCfg = Debug|Win32
		{4E59C14E-3984-4251-8D6C-549B15EA08EA}.Debug|x86.Build.0 = Debug|Win32
		{4E59C14E-3984-4251-8D6C-549B15EA08EA}.Release|x64.ActiveCfg = Release|x64
		{4E59C14E-3984-4251-8D6C-549B15EA08EA}.Release|x64.Build.0 = Release|x64
		{4E59C14E-3984-4251-8D6C-549B15EA08EA}.Release|x86.ActiveCfg = Release|Win32
		{4E59C14E-3984-4251-8D6C-549B15EA08EA}.Release|x86.Build.0 = Release|Win32
		{364ACF49-2D4A-43F7-B5BA-1FE3DC2A86E9}.Debug|x64.ActiveCfg = Debug|x64
		{364ACF49-2D4A-43F7-B5BA-1FE3DC2A86E9}.Debug|x64.Build.0 = Debug|x64
		{364ACF49-2D4A-43F7-B5BA-1FE3DC2A86E9}.Debug|x86.ActiveCfg = Debug|Win32
		{364ACF49-2D4A-43F7-B5BA-1FE3DC2A86E9}.Debug|x86.Build.0 = Debug|Win32
		{364ACF49-2D4A-43F7-B5BA-1FE3DC2A86E9}.Release|x64.ActiveCfg = Release|x64
		{364ACF49-2D4A-43F7-B5BA-1FE3DC2A86E9}.Release|x64.Build.0 = Release|x64
		{364ACF49-2D4A-43F7-B5BA-1FE3DC2A86E9}.Release|x86.ActiveCfg = Release|Win32
		{364ACF49-2D4A-43F7-B5BA-1FE3DC2A86E9}.Release|x86.Build.0 = Release|Win32
	EndGlobalSection
	GlobalSection(SolutionProperties) = preSolution
		HideSolutionNode = FALSE
	EndGlobalSection
	GlobalSection(ExtensibilityGlobals) = postSolution
		SolutionGuid = {BCA84388-6E30-4C75-88DB-26029204E176}
	EndGlobalSection
EndGlobal
